{
  "name": "gradle_handler",
  "version": "1.0.0",
  "lockfileVersion": 1,
  "requires": true,
  "dependencies": {
    "backslash": {
      "version": "0.2.0",
      "resolved": "https://registry.npmjs.org/backslash/-/backslash-0.2.0.tgz",
      "integrity": "sha1-bDwfzn5+cUzPwQ/XTw9zQQZ3N18="
    },
    "bluebird": {
      "version": "3.3.5",
      "resolved": "https://registry.npmjs.org/bluebird/-/bluebird-3.3.5.tgz",
      "integrity": "sha1-XudH8ce9lnZYtoOTZDCu51OVWjQ="
    },
    "deep-assign": {
      "version": "2.0.0",
      "resolved": "https://registry.npmjs.org/deep-assign/-/deep-assign-2.0.0.tgz",
      "integrity": "sha1-6+BrHwfwja5ZdiDj3RYi83GhxXI=",
      "requires": {
        "is-obj": "1.0.1"
      }
    },
    "gradle-to-js": {
      "version": "1.0.1",
      "resolved": "https://registry.npmjs.org/gradle-to-js/-/gradle-to-js-1.0.1.tgz",
      "integrity": "sha1-VXmcRoyw7OFsnRJ86d752lLPxlI=",
      "requires": {
        "bluebird": "3.3.5",
        "deep-assign": "2.0.0"
      }
    },
    "is-obj": {
      "version": "1.0.1",
      "resolved": "https://registry.npmjs.org/is-obj/-/is-obj-1.0.1.tgz",
      "integrity": "sha1-PkcprB9f3gJc19g6iW2rn09n2w8="
    }
  }
}
