# This file is autogenerated, do not edit; changes may be undone by the next 'dep ensure'.

[[projects]]
  name = "github.com/asaskevich/govalidator"
  packages = ["."]
  revision = "7b3beb6df3c42abd3509abfc3bcacc0fbfb7c877"
  version = "v5"

[[projects]]
  name = "github.com/dgrijalva/jwt-go"
  packages = [
    ".",
    "request"
  ]
  revision = "06ea1031745cb8b3dab3f6a236daf2b0aa468b7e"
  version = "v3.2.0"

[solve-meta]
  analyzer-name = "dep"
  analyzer-version = 1
  inputs-digest = "2cc7ef0be20098d353879618874ca294af4e31fb40a9612f0949ec06419da65f"
  solver-name = "gps-cdcl"
  solver-version = 1
